
Microsoft Visual Studio Solution File, Format Version 12.00
# Visual Studio Version 17
VisualStudioVersion = 17.8.34330.188
MinimumVisualStudioVersion = 10.0.40219.1
Project("{FAE04EC0-301F-11D3-BF4B-00C04F79EFBC}") = "DebugCheat", "DebugCheat\DebugCheat.csproj", "{2EEEDE12-971A-4FB3-BD1B-7844F464D11B}"
EndProject
Global
	GlobalSection(SolutionConfigurationPlatforms) = preSolution
		Debug|Any CPU = Debug|Any CPU
		Release|Any CPU = Release|Any CPU
	EndGlobalSection
	GlobalSection(ProjectConfigurationPlatforms) = postSolution
		{2EEEDE12-971A-4FB3-BD1B-7844F464D11B}.Debug|Any CPU.ActiveCfg = Debug|Any CPU
		{2EEEDE12-971A-4FB3-BD1B-7844F464D11B}.Debug|Any CPU.Build.0 = Debug|Any CPU
		{2EEEDE12-971A-4FB3-BD1B-7844F464D11B}.Release|Any CPU.ActiveCfg = Release|Any CPU
		{2EEEDE12-971A-4FB3-BD1B-7844F464D11B}.Release|Any CPU.Build.0 = Release|Any CPU
	EndGlobalSection
	GlobalSection(SolutionProperties) = preSolution
		HideSolutionNode = FALSE
	EndGlobalSection
	GlobalSection(ExtensibilityGlobals) = postSolution
		SolutionGuid = {BE17F012-31B4-4365-8DF4-BC184366DAD1}
	EndGlobalSection
EndGlobal
