
Microsoft Visual Studio Solution File, Format Version 12.00
# Visual Studio Version 17
VisualStudioVersion = 17.8.34330.188
MinimumVisualStudioVersion = 10.0.40219.1
Project("{FAE04EC0-301F-11D3-BF4B-00C04F79EFBC}") = "KeepFurnatureLayout", "KeepFurnatureLayout\KeepFurnatureLayout.csproj", "{B842240B-AA14-4E43-9BD8-1B34D227DE2E}"
EndProject
Global
	GlobalSection(SolutionConfigurationPlatforms) = preSolution
		Debug|Any CPU = Debug|Any CPU
		Release|Any CPU = Release|Any CPU
	EndGlobalSection
	GlobalSection(ProjectConfigurationPlatforms) = postSolution
		{B842240B-AA14-4E43-9BD8-1B34D227DE2E}.Debug|Any CPU.ActiveCfg = Debug|Any CPU
		{B842240B-AA14-4E43-9BD8-1B34D227DE2E}.Debug|Any CPU.Build.0 = Debug|Any CPU
		{B842240B-AA14-4E43-9BD8-1B34D227DE2E}.Release|Any CPU.ActiveCfg = Release|Any CPU
		{B842240B-AA14-4E43-9BD8-1B34D227DE2E}.Release|Any CPU.Build.0 = Release|Any CPU
	EndGlobalSection
	GlobalSection(SolutionProperties) = preSolution
		HideSolutionNode = FALSE
	EndGlobalSection
	GlobalSection(ExtensibilityGlobals) = postSolution
		SolutionGuid = {B3BA20A8-4CFE-48C3-AD82-6DB6D9FD4F4D}
	EndGlobalSection
EndGlobal
